
Microsoft Visual Studio Solution File, Format Version 12.00
Project("{FAE04EC0-301F-11D3-BF4B-00C04F79EFBC}") = "WebApi", "WebApi\WebApi.csproj", "{09D3A082-7EDA-40F3-8D12-9097AE5A1884}"
EndProject
Project("{FAE04EC0-301F-11D3-BF4B-00C04F79EFBC}") = "Presentation", "Presentation\Presentation.csproj", "{AC5CCE30-A072-4872-8190-8BE1B97696BF}"
EndProject
Project("{FAE04EC0-301F-11D3-BF4B-00C04F79EFBC}") = "Application", "Application\Application.csproj", "{723AA5CA-8C96-4CBC-89FF-3E02424C6926}"
EndProject
Project("{FAE04EC0-301F-11D3-BF4B-00C04F79EFBC}") = "Domain", "Domain\Domain.csproj", "{4A3DA985-C059-40A1-B0BE-124FD5FC616A}"
EndProject
Global
	GlobalSection(SolutionConfigurationPlatforms) = preSolution
		Debug|Any CPU = Debug|Any CPU
		Release|Any CPU = Release|Any CPU
	EndGlobalSection
	GlobalSection(ProjectConfigurationPlatforms) = postSolution
		{09D3A082-7EDA-40F3-8D12-9097AE5A1884}.Debug|Any CPU.ActiveCfg = Debug|Any CPU
		{09D3A082-7EDA-40F3-8D12-9097AE5A1884}.Debug|Any CPU.Build.0 = Debug|Any CPU
		{09D3A082-7EDA-40F3-8D12-9097AE5A1884}.Release|Any CPU.ActiveCfg = Release|Any CPU
		{09D3A082-7EDA-40F3-8D12-9097AE5A1884}.Release|Any CPU.Build.0 = Release|Any CPU
		{AC5CCE30-A072-4872-8190-8BE1B97696BF}.Debug|Any CPU.ActiveCfg = Debug|Any CPU
		{AC5CCE30-A072-4872-8190-8BE1B97696BF}.Debug|Any CPU.Build.0 = Debug|Any CPU
		{AC5CCE30-A072-4872-8190-8BE1B97696BF}.Release|Any CPU.ActiveCfg = Release|Any CPU
		{AC5CCE30-A072-4872-8190-8BE1B97696BF}.Release|Any CPU.Build.0 = Release|Any CPU
		{723AA5CA-8C96-4CBC-89FF-3E02424C6926}.Debug|Any CPU.ActiveCfg = Debug|Any CPU
		{723AA5CA-8C96-4CBC-89FF-3E02424C6926}.Debug|Any CPU.Build.0 = Debug|Any CPU
		{723AA5CA-8C96-4CBC-89FF-3E02424C6926}.Release|Any CPU.ActiveCfg = Release|Any CPU
		{723AA5CA-8C96-4CBC-89FF-3E02424C6926}.Release|Any CPU.Build.0 = Release|Any CPU
		{4A3DA985-C059-40A1-B0BE-124FD5FC616A}.Debug|Any CPU.ActiveCfg = Debug|Any CPU
		{4A3DA985-C059-40A1-B0BE-124FD5FC616A}.Debug|Any CPU.Build.0 = Debug|Any CPU
		{4A3DA985-C059-40A1-B0BE-124FD5FC616A}.Release|Any CPU.ActiveCfg = Release|Any CPU
		{4A3DA985-C059-40A1-B0BE-124FD5FC616A}.Release|Any CPU.Build.0 = Release|Any CPU
	EndGlobalSection
EndGlobal
