
Microsoft Visual Studio Solution File, Format Version 12.00
Project("{FAE04EC0-301F-11D3-BF4B-00C04F79EFBC}") = "WebApi", "src\WebApi\WebApi.csproj", "{09D3A082-7EDA-40F3-8D12-9097AE5A1884}"
EndProject
Project("{FAE04EC0-301F-11D3-BF4B-00C04F79EFBC}") = "Presentation", "src\Presentation\Presentation.csproj", "{AC5CCE30-A072-4872-8190-8BE1B97696BF}"
EndProject
Project("{FAE04EC0-301F-11D3-BF4B-00C04F79EFBC}") = "Application", "src\Application\Application.csproj", "{723AA5CA-8C96-4CBC-89FF-3E02424C6926}"
EndProject
Project("{FAE04EC0-301F-11D3-BF4B-00C04F79EFBC}") = "Domain", "src\Domain\Domain.csproj", "{4A3DA985-C059-40A1-B0BE-124FD5FC616A}"
EndProject
Project("{FAE04EC0-301F-11D3-BF4B-00C04F79EFBC}") = "Infrastructure", "src\Infrastructure\Infrastructure.csproj", "{7802590C-141F-4F91-B2D9-5C0FD864444B}"
EndProject
Project("{2150E333-8FDC-42A3-9474-1A3956D46DE8}") = "src", "src", "{4B6BC7F5-D1D7-4ED6-9F54-05041184D9F2}"
EndProject
Project("{2150E333-8FDC-42A3-9474-1A3956D46DE8}") = "tests", "tests", "{3D53FB82-1F73-4962-916A-01EA78DBBF11}"
EndProject
Project("{2150E333-8FDC-42A3-9474-1A3956D46DE8}") = "solution items", "solution items", "{CECDF68E-2928-4922-B79F-803FC6EB150D}"
	ProjectSection(SolutionItems) = preProject
		.gitignore = .gitignore
	EndProjectSection
EndProject
Project("{FAE04EC0-301F-11D3-BF4B-00C04F79EFBC}") = "Application.FunctionalTests", "Application.FunctionalTests\Application.FunctionalTests.csproj", "{8187D65F-D579-45E3-B21D-681ADD95E02C}"
EndProject
Global
	GlobalSection(SolutionConfigurationPlatforms) = preSolution
		Debug|Any CPU = Debug|Any CPU
		Release|Any CPU = Release|Any CPU
	EndGlobalSection
	GlobalSection(ProjectConfigurationPlatforms) = postSolution
		{09D3A082-7EDA-40F3-8D12-9097AE5A1884}.Debug|Any CPU.ActiveCfg = Debug|Any CPU
		{09D3A082-7EDA-40F3-8D12-9097AE5A1884}.Debug|Any CPU.Build.0 = Debug|Any CPU
		{09D3A082-7EDA-40F3-8D12-9097AE5A1884}.Release|Any CPU.ActiveCfg = Release|Any CPU
		{09D3A082-7EDA-40F3-8D12-9097AE5A1884}.Release|Any CPU.Build.0 = Release|Any CPU
		{AC5CCE30-A072-4872-8190-8BE1B97696BF}.Debug|Any CPU.ActiveCfg = Debug|Any CPU
		{AC5CCE30-A072-4872-8190-8BE1B97696BF}.Debug|Any CPU.Build.0 = Debug|Any CPU
		{AC5CCE30-A072-4872-8190-8BE1B97696BF}.Release|Any CPU.ActiveCfg = Release|Any CPU
		{AC5CCE30-A072-4872-8190-8BE1B97696BF}.Release|Any CPU.Build.0 = Release|Any CPU
		{723AA5CA-8C96-4CBC-89FF-3E02424C6926}.Debug|Any CPU.ActiveCfg = Debug|Any CPU
		{723AA5CA-8C96-4CBC-89FF-3E02424C6926}.Debug|Any CPU.Build.0 = Debug|Any CPU
		{723AA5CA-8C96-4CBC-89FF-3E02424C6926}.Release|Any CPU.ActiveCfg = Release|Any CPU
		{723AA5CA-8C96-4CBC-89FF-3E02424C6926}.Release|Any CPU.Build.0 = Release|Any CPU
		{4A3DA985-C059-40A1-B0BE-124FD5FC616A}.Debug|Any CPU.ActiveCfg = Debug|Any CPU
		{4A3DA985-C059-40A1-B0BE-124FD5FC616A}.Debug|Any CPU.Build.0 = Debug|Any CPU
		{4A3DA985-C059-40A1-B0BE-124FD5FC616A}.Release|Any CPU.ActiveCfg = Release|Any CPU
		{4A3DA985-C059-40A1-B0BE-124FD5FC616A}.Release|Any CPU.Build.0 = Release|Any CPU
		{7802590C-141F-4F91-B2D9-5C0FD864444B}.Debug|Any CPU.ActiveCfg = Debug|Any CPU
		{7802590C-141F-4F91-B2D9-5C0FD864444B}.Debug|Any CPU.Build.0 = Debug|Any CPU
		{7802590C-141F-4F91-B2D9-5C0FD864444B}.Release|Any CPU.ActiveCfg = Release|Any CPU
		{7802590C-141F-4F91-B2D9-5C0FD864444B}.Release|Any CPU.Build.0 = Release|Any CPU
		{8187D65F-D579-45E3-B21D-681ADD95E02C}.Debug|Any CPU.ActiveCfg = Debug|Any CPU
		{8187D65F-D579-45E3-B21D-681ADD95E02C}.Debug|Any CPU.Build.0 = Debug|Any CPU
		{8187D65F-D579-45E3-B21D-681ADD95E02C}.Release|Any CPU.ActiveCfg = Release|Any CPU
		{8187D65F-D579-45E3-B21D-681ADD95E02C}.Release|Any CPU.Build.0 = Release|Any CPU
	EndGlobalSection
	GlobalSection(NestedProjects) = preSolution
		{723AA5CA-8C96-4CBC-89FF-3E02424C6926} = {4B6BC7F5-D1D7-4ED6-9F54-05041184D9F2}
		{4A3DA985-C059-40A1-B0BE-124FD5FC616A} = {4B6BC7F5-D1D7-4ED6-9F54-05041184D9F2}
		{7802590C-141F-4F91-B2D9-5C0FD864444B} = {4B6BC7F5-D1D7-4ED6-9F54-05041184D9F2}
		{AC5CCE30-A072-4872-8190-8BE1B97696BF} = {4B6BC7F5-D1D7-4ED6-9F54-05041184D9F2}
		{09D3A082-7EDA-40F3-8D12-9097AE5A1884} = {4B6BC7F5-D1D7-4ED6-9F54-05041184D9F2}
		{8187D65F-D579-45E3-B21D-681ADD95E02C} = {3D53FB82-1F73-4962-916A-01EA78DBBF11}
	EndGlobalSection
EndGlobal
